
Microsoft Visual Studio Solution File, Format Version 12.00
# Visual Studio 14
VisualStudioVersion = 14.0.25420.1
MinimumVisualStudioVersion = 10.0.40219.1
Project("{FAE04EC0-301F-11D3-BF4B-00C04F79EFBC}") = "Calculator", "Calculator\Calculator.csproj", "{29700338-3C1E-44F2-9607-03156309D1E7}"
EndProject
Project("{FAE04EC0-301F-11D3-BF4B-00C04F79EFBC}") = "UnitTest2", "UnitTest2\UnitTest2.csproj", "{B66308BC-AB14-486A-88FB-B6A9F3D97E2F}"
EndProject
Global
	GlobalSection(SolutionConfigurationPlatforms) = preSolution
		Debug|Any CPU = Debug|Any CPU
		Release|Any CPU = Release|Any CPU
	EndGlobalSection
	GlobalSection(ProjectConfigurationPlatforms) = postSolution
		{29700338-3C1E-44F2-9607-03156309D1E7}.Debug|Any CPU.ActiveCfg = Debug|Any CPU
		{29700338-3C1E-44F2-9607-03156309D1E7}.Debug|Any CPU.Build.0 = Debug|Any CPU
		{29700338-3C1E-44F2-9607-03156309D1E7}.Release|Any CPU.ActiveCfg = Release|Any CPU
		{29700338-3C1E-44F2-9607-03156309D1E7}.Release|Any CPU.Build.0 = Release|Any CPU
		{B66308BC-AB14-486A-88FB-B6A9F3D97E2F}.Debug|Any CPU.ActiveCfg = Debug|Any CPU
		{B66308BC-AB14-486A-88FB-B6A9F3D97E2F}.Debug|Any CPU.Build.0 = Debug|Any CPU
		{B66308BC-AB14-486A-88FB-B6A9F3D97E2F}.Release|Any CPU.ActiveCfg = Release|Any CPU
		{B66308BC-AB14-486A-88FB-B6A9F3D97E2F}.Release|Any CPU.Build.0 = Release|Any CPU
	EndGlobalSection
	GlobalSection(SolutionProperties) = preSolution
		HideSolutionNode = FALSE
	EndGlobalSection
EndGlobal
